
Microsoft Visual Studio Solution File, Format Version 12.00
# Visual Studio Version 16
VisualStudioVersion = 16.0.31025.194
MinimumVisualStudioVersion = 10.0.40219.1
Project("{FAE04EC0-301F-11D3-BF4B-00C04F79EFBC}") = "DupFinderApp", "DupFinder\DupFinderApp.csproj", "{FC983116-8580-44C7-A374-BDC95C4AFA91}"
EndProject
Project("{FAE04EC0-301F-11D3-BF4B-00C04F79EFBC}") = "DupFinderCore", "DupFinderCore\DupFinderCore.csproj", "{D3053715-88AF-41B8-9EB9-9E4A6E7E93CC}"
EndProject
Project("{FAE04EC0-301F-11D3-BF4B-00C04F79EFBC}") = "DupFinderCore.Tests", "DupFinderCore.Tests\DupFinderCore.Tests.csproj", "{A14999DB-5A10-4CF4-8489-6362C738E975}"
EndProject
Global
	GlobalSection(SolutionConfigurationPlatforms) = preSolution
		Debug|Any CPU = Debug|Any CPU
		Release|Any CPU = Release|Any CPU
	EndGlobalSection
	GlobalSection(ProjectConfigurationPlatforms) = postSolution
		{FC983116-8580-44C7-A374-BDC95C4AFA91}.Debug|Any CPU.ActiveCfg = Debug|Any CPU
		{FC983116-8580-44C7-A374-BDC95C4AFA91}.Debug|Any CPU.Build.0 = Debug|Any CPU
		{FC983116-8580-44C7-A374-BDC95C4AFA91}.Release|Any CPU.ActiveCfg = Release|Any CPU
		{FC983116-8580-44C7-A374-BDC95C4AFA91}.Release|Any CPU.Build.0 = Release|Any CPU
		{D3053715-88AF-41B8-9EB9-9E4A6E7E93CC}.Debug|Any CPU.ActiveCfg = Debug|Any CPU
		{D3053715-88AF-41B8-9EB9-9E4A6E7E93CC}.Debug|Any CPU.Build.0 = Debug|Any CPU
		{D3053715-88AF-41B8-9EB9-9E4A6E7E93CC}.Release|Any CPU.ActiveCfg = Release|Any CPU
		{D3053715-88AF-41B8-9EB9-9E4A6E7E93CC}.Release|Any CPU.Build.0 = Release|Any CPU
		{A14999DB-5A10-4CF4-8489-6362C738E975}.Debug|Any CPU.ActiveCfg = Debug|Any CPU
		{A14999DB-5A10-4CF4-8489-6362C738E975}.Debug|Any CPU.Build.0 = Debug|Any CPU
		{A14999DB-5A10-4CF4-8489-6362C738E975}.Release|Any CPU.ActiveCfg = Release|Any CPU
		{A14999DB-5A10-4CF4-8489-6362C738E975}.Release|Any CPU.Build.0 = Release|Any CPU
	EndGlobalSection
	GlobalSection(SolutionProperties) = preSolution
		HideSolutionNode = FALSE
	EndGlobalSection
	GlobalSection(ExtensibilityGlobals) = postSolution
		SolutionGuid = {CABC681B-4D21-471A-84F3-E183F2213DCF}
	EndGlobalSection
EndGlobal
